// !$*UTF8*$!
{
	archiveVersion = 1;
	classes = {
	};
	objectVersion = 56;
	objects = {

/* Begin PBXBuildFile section */
		9528AE3F29BA7115007D30EB /* Episode.swift in Sources */ = {isa = PBXBuildFile; fileRef = 9528AE3E29BA7115007D30EB /* Episode.swift */; };
		9528AE4129BA717E007D30EB /* Podcast.swift in Sources */ = {isa = PBXBuildFile; fileRef = 9528AE4029BA717E007D30EB /* Podcast.swift */; };
		9528AE4329BA72F0007D30EB /* ViewModel.swift in Sources */ = {isa = PBXBuildFile; fileRef = 9528AE4229BA72F0007D30EB /* ViewModel.swift */; };
		9528AE4529BA7430007D30EB /* Download.swift in Sources */ = {isa = PBXBuildFile; fileRef = 9528AE4429BA7430007D30EB /* Download.swift */; };
		9528AE4729BA76A6007D30EB /* Lookup.json in Resources */ = {isa = PBXBuildFile; fileRef = 9528AE4629BA76A6007D30EB /* Lookup.json */; };
		9528AE4929BA7727007D30EB /* PreviewData.swift in Sources */ = {isa = PBXBuildFile; fileRef = 9528AE4829BA7727007D30EB /* PreviewData.swift */; };
		9528AE4B29BA778A007D30EB /* Header.swift in Sources */ = {isa = PBXBuildFile; fileRef = 9528AE4A29BA778A007D30EB /* Header.swift */; };
		9528AE4D29BA77EA007D30EB /* EpisodeRow.swift in Sources */ = {isa = PBXBuildFile; fileRef = 9528AE4C29BA77EA007D30EB /* EpisodeRow.swift */; };
		959E5F9329A676D000219770 /* PodcastApp.swift in Sources */ = {isa = PBXBuildFile; fileRef = 959E5F9229A676D000219770 /* PodcastApp.swift */; };
		959E5F9529A676D000219770 /* ContentView.swift in Sources */ = {isa = PBXBuildFile; fileRef = 959E5F9429A676D000219770 /* ContentView.swift */; };
		959E5F9729A676D200219770 /* Assets.xcassets in Resources */ = {isa = PBXBuildFile; fileRef = 959E5F9629A676D200219770 /* Assets.xcassets */; };
		959E5F9A29A676D200219770 /* Preview Assets.xcassets in Resources */ = {isa = PBXBuildFile; fileRef = 959E5F9929A676D200219770 /* Preview Assets.xcassets */; };
/* End PBXBuildFile section */

/* Begin PBXFileReference section */
		9528AE3E29BA7115007D30EB /* Episode.swift */ = {isa = PBXFileReference; lastKnownFileType = sourcecode.swift; path = Episode.swift; sourceTree = "<group>"; };
		9528AE4029BA717E007D30EB /* Podcast.swift */ = {isa = PBXFileReference; lastKnownFileType = sourcecode.swift; path = Podcast.swift; sourceTree = "<group>"; };
		9528AE4229BA72F0007D30EB /* ViewModel.swift */ = {isa = PBXFileReference; lastKnownFileType = sourcecode.swift; path = ViewModel.swift; sourceTree = "<group>"; };
		9528AE4429BA7430007D30EB /* Download.swift */ = {isa = PBXFileReference; lastKnownFileType = sourcecode.swift; path = Download.swift; sourceTree = "<group>"; };
		9528AE4629BA76A6007D30EB /* Lookup.json */ = {isa = PBXFileReference; lastKnownFileType = text.json; path = Lookup.json; sourceTree = "<group>"; };
		9528AE4829BA7727007D30EB /* PreviewData.swift */ = {isa = PBXFileReference; lastKnownFileType = sourcecode.swift; path = PreviewData.swift; sourceTree = "<group>"; };
		9528AE4A29BA778A007D30EB /* Header.swift */ = {isa = PBXFileReference; lastKnownFileType = sourcecode.swift; path = Header.swift; sourceTree = "<group>"; };
		9528AE4C29BA77EA007D30EB /* EpisodeRow.swift */ = {isa = PBXFileReference; lastKnownFileType = sourcecode.swift; path = EpisodeRow.swift; sourceTree = "<group>"; };
		959E5F8F29A676D000219770 /* Podcast.app */ = {isa = PBXFileReference; explicitFileType = wrapper.application; includeInIndex = 0; path = Podcast.app; sourceTree = BUILT_PRODUCTS_DIR; };
		959E5F9229A676D000219770 /* PodcastApp.swift */ = {isa = PBXFileReference; lastKnownFileType = sourcecode.swift; path = PodcastApp.swift; sourceTree = "<group>"; };
		959E5F9429A676D000219770 /* ContentView.swift */ = {isa = PBXFileReference; lastKnownFileType = sourcecode.swift; path = ContentView.swift; sourceTree = "<group>"; };
		959E5F9629A676D200219770 /* Assets.xcassets */ = {isa = PBXFileReference; lastKnownFileType = folder.assetcatalog; path = Assets.xcassets; sourceTree = "<group>"; };
		959E5F9929A676D200219770 /* Preview Assets.xcassets */ = {isa = PBXFileReference; lastKnownFileType = folder.assetcatalog; path = "Preview Assets.xcassets"; sourceTree = "<group>"; };
/* End PBXFileReference section */

/* Begin PBXFrameworksBuildPhase section */
		959E5F8C29A676D000219770 /* Frameworks */ = {
			isa = PBXFrameworksBuildPhase;
			buildActionMask = 2147483647;
			files = (
			);
			runOnlyForDeploymentPostprocessing = 0;
		};
/* End PBXFrameworksBuildPhase section */

/* Begin PBXGroup section */
		959E5F8629A676D000219770 = {
			isa = PBXGroup;
			children = (
				959E5F9129A676D000219770 /* Podcast */,
				959E5F9029A676D000219770 /* Products */,
			);
			sourceTree = "<group>";
		};
		959E5F9029A676D000219770 /* Products */ = {
			isa = PBXGroup;
			children = (
				959E5F8F29A676D000219770 /* Podcast.app */,
			);
			name = Products;
			sourceTree = "<group>";
		};
		959E5F9129A676D000219770 /* Podcast */ = {
			isa = PBXGroup;
			children = (
				959E5F9229A676D000219770 /* PodcastApp.swift */,
				959E5F9429A676D000219770 /* ContentView.swift */,
				9528AE4A29BA778A007D30EB /* Header.swift */,
				9528AE4C29BA77EA007D30EB /* EpisodeRow.swift */,
				9528AE4229BA72F0007D30EB /* ViewModel.swift */,
				9528AE4429BA7430007D30EB /* Download.swift */,
				9528AE3E29BA7115007D30EB /* Episode.swift */,
				9528AE4029BA717E007D30EB /* Podcast.swift */,
				959E5F9629A676D200219770 /* Assets.xcassets */,
				959E5F9829A676D200219770 /* Preview Content */,
			);
			path = Podcast;
			sourceTree = "<group>";
		};
		959E5F9829A676D200219770 /* Preview Content */ = {
			isa = PBXGroup;
			children = (
				9528AE4829BA7727007D30EB /* PreviewData.swift */,
				9528AE4629BA76A6007D30EB /* Lookup.json */,
				959E5F9929A676D200219770 /* Preview Assets.xcassets */,
			);
			path = "Preview Content";
			sourceTree = "<group>";
		};
/* End PBXGroup section */

/* Begin PBXNativeTarget section */
		959E5F8E29A676D000219770 /* Podcast */ = {
			isa = PBXNativeTarget;
			buildConfigurationList = 959E5F9D29A676D200219770 /* Build configuration list for PBXNativeTarget "Podcast" */;
			buildPhases = (
				959E5F8B29A676D000219770 /* Sources */,
				959E5F8C29A676D000219770 /* Frameworks */,
				959E5F8D29A676D000219770 /* Resources */,
			);
			buildRules = (
			);
			dependencies = (
			);
			name = Podcast;
			productName = Podcast;
			productReference = 959E5F8F29A676D000219770 /* Podcast.app */;
			productType = "com.apple.product-type.application";
		};
/* End PBXNativeTarget section */

/* Begin PBXProject section */
		959E5F8729A676D000219770 /* Project object */ = {
			isa = PBXProject;
			attributes = {
				BuildIndependentTargetsInParallel = 1;
				LastSwiftUpdateCheck = 1420;
				LastUpgradeCheck = 1420;
				TargetAttributes = {
					959E5F8E29A676D000219770 = {
						CreatedOnToolsVersion = 14.2;
					};
				};
			};
			buildConfigurationList = 959E5F8A29A676D000219770 /* Build configuration list for PBXProject "Podcast" */;
			compatibilityVersion = "Xcode 14.0";
			developmentRegion = en;
			hasScannedForEncodings = 0;
			knownRegions = (
				en,
				Base,
			);
			mainGroup = 959E5F8629A676D000219770;
			productRefGroup = 959E5F9029A676D000219770 /* Products */;
			projectDirPath = "";
			projectRoot = "";
			targets = (
				959E5F8E29A676D000219770 /* Podcast */,
			);
		};
/* End PBXProject section */

/* Begin PBXResourcesBuildPhase section */
		959E5F8D29A676D000219770 /* Resources */ = {
			isa = PBXResourcesBuildPhase;
			buildActionMask = 2147483647;
			files = (
				959E5F9A29A676D200219770 /* Preview Assets.xcassets in Resources */,
				959E5F9729A676D200219770 /* Assets.xcassets in Resources */,
				9528AE4729BA76A6007D30EB /* Lookup.json in Resources */,
			);
			runOnlyForDeploymentPostprocessing = 0;
		};
/* End PBXResourcesBuildPhase section */

/* Begin PBXSourcesBuildPhase section */
		959E5F8B29A676D000219770 /* Sources */ = {
			isa = PBXSourcesBuildPhase;
			buildActionMask = 2147483647;
			files = (
				9528AE4B29BA778A007D30EB /* Header.swift in Sources */,
				9528AE4329BA72F0007D30EB /* ViewModel.swift in Sources */,
				959E5F9529A676D000219770 /* ContentView.swift in Sources */,
				9528AE4D29BA77EA007D30EB /* EpisodeRow.swift in Sources */,
				9528AE3F29BA7115007D30EB /* Episode.swift in Sources */,
				9528AE4529BA7430007D30EB /* Download.swift in Sources */,
				9528AE4929BA7727007D30EB /* PreviewData.swift in Sources */,
				9528AE4129BA717E007D30EB /* Podcast.swift in Sources */,
				959E5F9329A676D000219770 /* PodcastApp.swift in Sources */,
			);
			runOnlyForDeploymentPostprocessing = 0;
		};
/* End PBXSourcesBuildPhase section */

/* Begin XCBuildConfiguration section */
		959E5F9B29A676D200219770 /* Debug */ = {
			isa = XCBuildConfiguration;
			buildSettings = {
				ALWAYS_SEARCH_USER_PATHS = NO;
				CLANG_ANALYZER_NONNULL = YES;
				CLANG_ANALYZER_NUMBER_OBJECT_CONVERSION = YES_AGGRESSIVE;
				CLANG_CXX_LANGUAGE_STANDARD = "gnu++20";
				CLANG_ENABLE_MODULES = YES;
				CLANG_ENABLE_OBJC_ARC = YES;
				CLANG_ENABLE_OBJC_WEAK = YES;
				CLANG_WARN_BLOCK_CAPTURE_AUTORELEASING = YES;
				CLANG_WARN_BOOL_CONVERSION = YES;
				CLANG_WARN_COMMA = YES;
				CLANG_WARN_CONSTANT_CONVERSION = YES;
				CLANG_WARN_DEPRECATED_OBJC_IMPLEMENTATIONS = YES;
				CLANG_WARN_DIRECT_OBJC_ISA_USAGE = YES_ERROR;
				CLANG_WARN_DOCUMENTATION_COMMENTS = YES;
				CLANG_WARN_EMPTY_BODY = YES;
				CLANG_WARN_ENUM_CONVERSION = YES;
				CLANG_WARN_INFINITE_RECURSION = YES;
				CLANG_WARN_INT_CONVERSION = YES;
				CLANG_WARN_NON_LITERAL_NULL_CONVERSION = YES;
				CLANG_WARN_OBJC_IMPLICIT_RETAIN_SELF = YES;
				CLANG_WARN_OBJC_LITERAL_CONVERSION = YES;
				CLANG_WARN_OBJC_ROOT_CLASS = YES_ERROR;
				CLANG_WARN_QUOTED_INCLUDE_IN_FRAMEWORK_HEADER = YES;
				CLANG_WARN_RANGE_LOOP_ANALYSIS = YES;
				CLANG_WARN_STRICT_PROTOTYPES = YES;
				CLANG_WARN_SUSPICIOUS_MOVE = YES;
				CLANG_WARN_UNGUARDED_AVAILABILITY = YES_AGGRESSIVE;
				CLANG_WARN_UNREACHABLE_CODE = YES;
				CLANG_WARN__DUPLICATE_METHOD_MATCH = YES;
				COPY_PHASE_STRIP = NO;
				DEBUG_INFORMATION_FORMAT = dwarf;
				ENABLE_STRICT_OBJC_MSGSEND = YES;
				ENABLE_TESTABILITY = YES;
				GCC_C_LANGUAGE_STANDARD = gnu11;
				GCC_DYNAMIC_NO_PIC = NO;
				GCC_NO_COMMON_BLOCKS = YES;
				GCC_OPTIMIZATION_LEVEL = 0;
				GCC_PREPROCESSOR_DEFINITIONS = (
					"DEBUG=1",
					"$(inherited)",
				);
				GCC_WARN_64_TO_32_BIT_CONVERSION = YES;
				GCC_WARN_ABOUT_RETURN_TYPE = YES_ERROR;
				GCC_WARN_UNDECLARED_SELECTOR = YES;
				GCC_WARN_UNINITIALIZED_AUTOS = YES_AGGRESSIVE;
				GCC_WARN_UNUSED_FUNCTION = YES;
				GCC_WARN_UNUSED_VARIABLE = YES;
				IPHONEOS_DEPLOYMENT_TARGET = 16.2;
				MTL_ENABLE_DEBUG_INFO = INCLUDE_SOURCE;
				MTL_FAST_MATH = YES;
				ONLY_ACTIVE_ARCH = YES;
				SDKROOT = iphoneos;
				SWIFT_ACTIVE_COMPILATION_CONDITIONS = DEBUG;
				SWIFT_OPTIMIZATION_LEVEL = "-Onone";
			};
			name = Debug;
		};
		959E5F9C29A676D200219770 /* Release */ = {
			isa = XCBuildConfiguration;
			buildSettings = {
				ALWAYS_SEARCH_USER_PATHS = NO;
				CLANG_ANALYZER_NONNULL = YES;
				CLANG_ANALYZER_NUMBER_OBJECT_CONVERSION = YES_AGGRESSIVE;
				CLANG_CXX_LANGUAGE_STANDARD = "gnu++20";
				CLANG_ENABLE_MODULES = YES;
				CLANG_ENABLE_OBJC_ARC = YES;
				CLANG_ENABLE_OBJC_WEAK = YES;
				CLANG_WARN_BLOCK_CAPTURE_AUTORELEASING = YES;
				CLANG_WARN_BOOL_CONVERSION = YES;
				CLANG_WARN_COMMA = YES;
				CLANG_WARN_CONSTANT_CONVERSION = YES;
				CLANG_WARN_DEPRECATED_OBJC_IMPLEMENTATIONS = YES;
				CLANG_WARN_DIRECT_OBJC_ISA_USAGE = YES_ERROR;
				CLANG_WARN_DOCUMENTATION_COMMENTS = YES;
				CLANG_WARN_EMPTY_BODY = YES;
				CLANG_WARN_ENUM_CONVERSION = YES;
				CLANG_WARN_INFINITE_RECURSION = YES;
				CLANG_WARN_INT_CONVERSION = YES;
				CLANG_WARN_NON_LITERAL_NULL_CONVERSION = YES;
				CLANG_WARN_OBJC_IMPLICIT_RETAIN_SELF = YES;
				CLANG_WARN_OBJC_LITERAL_CONVERSION = YES;
				CLANG_WARN_OBJC_ROOT_CLASS = YES_ERROR;
				CLANG_WARN_QUOTED_INCLUDE_IN_FRAMEWORK_HEADER = YES;
				CLANG_WARN_RANGE_LOOP_ANALYSIS = YES;
				CLANG_WARN_STRICT_PROTOTYPES = YES;
				CLANG_WARN_SUSPICIOUS_MOVE = YES;
				CLANG_WARN_UNGUARDED_AVAILABILITY = YES_AGGRESSIVE;
				CLANG_WARN_UNREACHABLE_CODE = YES;
				CLANG_WARN__DUPLICATE_METHOD_MATCH = YES;
				COPY_PHASE_STRIP = NO;
				DEBUG_INFORMATION_FORMAT = "dwarf-with-dsym";
				ENABLE_NS_ASSERTIONS = NO;
				ENABLE_STRICT_OBJC_MSGSEND = YES;
				GCC_C_LANGUAGE_STANDARD = gnu11;
				GCC_NO_COMMON_BLOCKS = YES;
				GCC_WARN_64_TO_32_BIT_CONVERSION = YES;
				GCC_WARN_ABOUT_RETURN_TYPE = YES_ERROR;
				GCC_WARN_UNDECLARED_SELECTOR = YES;
				GCC_WARN_UNINITIALIZED_AUTOS = YES_AGGRESSIVE;
				GCC_WARN_UNUSED_FUNCTION = YES;
				GCC_WARN_UNUSED_VARIABLE = YES;
				IPHONEOS_DEPLOYMENT_TARGET = 16.2;
				MTL_ENABLE_DEBUG_INFO = NO;
				MTL_FAST_MATH = YES;
				SDKROOT = iphoneos;
				SWIFT_COMPILATION_MODE = wholemodule;
				SWIFT_OPTIMIZATION_LEVEL = "-O";
				VALIDATE_PRODUCT = YES;
			};
			name = Release;
		};
		959E5F9E29A676D200219770 /* Debug */ = {
			isa = XCBuildConfiguration;
			buildSettings = {
				ASSETCATALOG_COMPILER_APPICON_NAME = AppIcon;
				ASSETCATALOG_COMPILER_GLOBAL_ACCENT_COLOR_NAME = AccentColor;
				CODE_SIGN_STYLE = Automatic;
				CURRENT_PROJECT_VERSION = 1;
				DEVELOPMENT_ASSET_PATHS = "\"Podcast/Preview Content\"";
				DEVELOPMENT_TEAM = DU7ZKD3PP7;
				ENABLE_PREVIEWS = YES;
				GENERATE_INFOPLIST_FILE = YES;
				INFOPLIST_KEY_UIApplicationSceneManifest_Generation = YES;
				INFOPLIST_KEY_UIApplicationSupportsIndirectInputEvents = YES;
				INFOPLIST_KEY_UILaunchScreen_Generation = YES;
				INFOPLIST_KEY_UISupportedInterfaceOrientations_iPad = "UIInterfaceOrientationPortrait UIInterfaceOrientationPortraitUpsideDown UIInterfaceOrientationLandscapeLeft UIInterfaceOrientationLandscapeRight";
				INFOPLIST_KEY_UISupportedInterfaceOrientations_iPhone = "UIInterfaceOrientationPortrait UIInterfaceOrientationLandscapeLeft UIInterfaceOrientationLandscapeRight";
				LD_RUNPATH_SEARCH_PATHS = (
					"$(inherited)",
					"@executable_path/Frameworks",
				);
				MARKETING_VERSION = 1.0;
				PRODUCT_BUNDLE_IDENTIFIER = com.purecreek.Podcast;
				PRODUCT_NAME = "$(TARGET_NAME)";
				SWIFT_EMIT_LOC_STRINGS = YES;
				SWIFT_VERSION = 5.0;
				TARGETED_DEVICE_FAMILY = "1,2";
			};
			name = Debug;
		};
		959E5F9F29A676D200219770 /* Release */ = {
			isa = XCBuildConfiguration;
			buildSettings = {
				ASSETCATALOG_COMPILER_APPICON_NAME = AppIcon;
				ASSETCATALOG_COMPILER_GLOBAL_ACCENT_COLOR_NAME = AccentColor;
				CODE_SIGN_STYLE = Automatic;
				CURRENT_PROJECT_VERSION = 1;
				DEVELOPMENT_ASSET_PATHS = "\"Podcast/Preview Content\"";
				DEVELOPMENT_TEAM = DU7ZKD3PP7;
				ENABLE_PREVIEWS = YES;
				GENERATE_INFOPLIST_FILE = YES;
				INFOPLIST_KEY_UIApplicationSceneManifest_Generation = YES;
				INFOPLIST_KEY_UIApplicationSupportsIndirectInputEvents = YES;
				INFOPLIST_KEY_UILaunchScreen_Generation = YES;
				INFOPLIST_KEY_UISupportedInterfaceOrientations_iPad = "UIInterfaceOrientationPortrait UIInterfaceOrientationPortraitUpsideDown UIInterfaceOrientationLandscapeLeft UIInterfaceOrientationLandscapeRight";
				INFOPLIST_KEY_UISupportedInterfaceOrientations_iPhone = "UIInterfaceOrientationPortrait UIInterfaceOrientationLandscapeLeft UIInterfaceOrientationLandscapeRight";
				LD_RUNPATH_SEARCH_PATHS = (
					"$(inherited)",
					"@executable_path/Frameworks",
				);
				MARKETING_VERSION = 1.0;
				PRODUCT_BUNDLE_IDENTIFIER = com.purecreek.Podcast;
				PRODUCT_NAME = "$(TARGET_NAME)";
				SWIFT_EMIT_LOC_STRINGS = YES;
				SWIFT_VERSION = 5.0;
				TARGETED_DEVICE_FAMILY = "1,2";
			};
			name = Release;
		};
/* End XCBuildConfiguration section */

/* Begin XCConfigurationList section */
		959E5F8A29A676D000219770 /* Build configuration list for PBXProject "Podcast" */ = {
			isa = XCConfigurationList;
			buildConfigurations = (
				959E5F9B29A676D200219770 /* Debug */,
				959E5F9C29A676D200219770 /* Release */,
			);
			defaultConfigurationIsVisible = 0;
			defaultConfigurationName = Release;
		};
		959E5F9D29A676D200219770 /* Build configuration list for PBXNativeTarget "Podcast" */ = {
			isa = XCConfigurationList;
			buildConfigurations = (
				959E5F9E29A676D200219770 /* Debug */,
				959E5F9F29A676D200219770 /* Release */,
			);
			defaultConfigurationIsVisible = 0;
			defaultConfigurationName = Release;
		};
/* End XCConfigurationList section */
	};
	rootObject = 959E5F8729A676D000219770 /* Project object */;
}
